
Microsoft Visual Studio Solution File, Format Version 12.00
# Visual Studio Version 17
VisualStudioVersion = 17.7.34031.279
MinimumVisualStudioVersion = 10.0.40219.1
Project("{FAE04EC0-301F-11D3-BF4B-00C04F79EFBC}") = "WinFormsAppLines", "WinFormsAppLines.csproj", "{B4274B49-E4E3-4B2C-92EB-9589C9B63DB6}"
EndProject
Global
	GlobalSection(SolutionConfigurationPlatforms) = preSolution
		Debug|Any CPU = Debug|Any CPU
		Release|Any CPU = Release|Any CPU
	EndGlobalSection
	GlobalSection(ProjectConfigurationPlatforms) = postSolution
		{B4274B49-E4E3-4B2C-92EB-9589C9B63DB6}.Debug|Any CPU.ActiveCfg = Debug|Any CPU
		{B4274B49-E4E3-4B2C-92EB-9589C9B63DB6}.Debug|Any CPU.Build.0 = Debug|Any CPU
		{B4274B49-E4E3-4B2C-92EB-9589C9B63DB6}.Release|Any CPU.ActiveCfg = Release|Any CPU
		{B4274B49-E4E3-4B2C-92EB-9589C9B63DB6}.Release|Any CPU.Build.0 = Release|Any CPU
	EndGlobalSection
	GlobalSection(SolutionProperties) = preSolution
		HideSolutionNode = FALSE
	EndGlobalSection
	GlobalSection(ExtensibilityGlobals) = postSolution
		SolutionGuid = {98651A9D-4DA5-4FB8-9381-98A4F70D3DF1}
	EndGlobalSection
EndGlobal
